// !$*UTF8*$!
{
	archiveVersion = 1;
	classes = {
	};
	objectVersion = 46;
	objects = {

/* Begin PBXBuildFile section */
		271BBB561F777E5D003507AC /* KDTopicCell.swift in Sources */ = {isa = PBXBuildFile; fileRef = 271BBB551F777E5D003507AC /* KDTopicCell.swift */; };
		271BBB581F77CCC5003507AC /* KDTopicDetailViewController.swift in Sources */ = {isa = PBXBuildFile; fileRef = 271BBB571F77CCC5003507AC /* KDTopicDetailViewController.swift */; };
		271BBB5A1F77CE7E003507AC /* KDTopicDetailViewModel.swift in Sources */ = {isa = PBXBuildFile; fileRef = 271BBB591F77CE7E003507AC /* KDTopicDetailViewModel.swift */; };
		271BBB5C1F77D0B1003507AC /* KDBorderLineView.swift in Sources */ = {isa = PBXBuildFile; fileRef = 271BBB5B1F77D0B1003507AC /* KDBorderLineView.swift */; };
		271BBB5E1F77DFC7003507AC /* KDReplyModel.swift in Sources */ = {isa = PBXBuildFile; fileRef = 271BBB5D1F77DFC7003507AC /* KDReplyModel.swift */; };
		271BBB601F77E4A6003507AC /* KDReplyCell.swift in Sources */ = {isa = PBXBuildFile; fileRef = 271BBB5F1F77E4A6003507AC /* KDReplyCell.swift */; };
		271BBB621F77F9A4003507AC /* KDFormatDate.swift in Sources */ = {isa = PBXBuildFile; fileRef = 271BBB611F77F9A4003507AC /* KDFormatDate.swift */; };
		271C150B1F83D18900E23040 /* style.css in Resources */ = {isa = PBXBuildFile; fileRef = 271C150A1F83D18900E23040 /* style.css */; };
		2763DCF61F8521190005DFAC /* KDHomeService.swift in Sources */ = {isa = PBXBuildFile; fileRef = 2763DCF51F8521190005DFAC /* KDHomeService.swift */; };
		2763DCF81F8522F20005DFAC /* KDNodesVIewModel.swift in Sources */ = {isa = PBXBuildFile; fileRef = 2763DCF71F8522F20005DFAC /* KDNodesVIewModel.swift */; };
		2768BA771F765D0700FE7BF3 /* KDBaseViewController.swift in Sources */ = {isa = PBXBuildFile; fileRef = 2768BA761F765D0700FE7BF3 /* KDBaseViewController.swift */; };
		2768BA791F765D2600FE7BF3 /* KDUIKitUtils.swift in Sources */ = {isa = PBXBuildFile; fileRef = 2768BA781F765D2600FE7BF3 /* KDUIKitUtils.swift */; };
		2768BA7B1F765D3000FE7BF3 /* KDConfig.swift in Sources */ = {isa = PBXBuildFile; fileRef = 2768BA7A1F765D3000FE7BF3 /* KDConfig.swift */; };
		2768BA7D1F765D3D00FE7BF3 /* KDAPIClient.swift in Sources */ = {isa = PBXBuildFile; fileRef = 2768BA7C1F765D3D00FE7BF3 /* KDAPIClient.swift */; };
		2768BA801F765D5C00FE7BF3 /* KDMainViewController.swift in Sources */ = {isa = PBXBuildFile; fileRef = 2768BA7F1F765D5C00FE7BF3 /* KDMainViewController.swift */; };
		2768BA851F765FAA00FE7BF3 /* KDHomeViewController.swift in Sources */ = {isa = PBXBuildFile; fileRef = 2768BA841F765FAA00FE7BF3 /* KDHomeViewController.swift */; };
		2768BA881F765FBB00FE7BF3 /* KDUserViewController.swift in Sources */ = {isa = PBXBuildFile; fileRef = 2768BA871F765FBB00FE7BF3 /* KDUserViewController.swift */; };
		2768BA8A1F766B2100FE7BF3 /* KDTopicsViewController.swift in Sources */ = {isa = PBXBuildFile; fileRef = 2768BA891F766B2100FE7BF3 /* KDTopicsViewController.swift */; };
		2768BA8D1F774C0000FE7BF3 /* KDTopicModel.swift in Sources */ = {isa = PBXBuildFile; fileRef = 2768BA8C1F774C0000FE7BF3 /* KDTopicModel.swift */; };
		2768BA8F1F774C4D00FE7BF3 /* KDMemberModel.swift in Sources */ = {isa = PBXBuildFile; fileRef = 2768BA8E1F774C4D00FE7BF3 /* KDMemberModel.swift */; };
		2768BA911F774C7F00FE7BF3 /* KDNodeModel.swift in Sources */ = {isa = PBXBuildFile; fileRef = 2768BA901F774C7F00FE7BF3 /* KDNodeModel.swift */; };
		2768BA991F774EDC00FE7BF3 /* KDTopicService.swift in Sources */ = {isa = PBXBuildFile; fileRef = 2768BA981F774EDC00FE7BF3 /* KDTopicService.swift */; };
		2768BA9B1F77508900FE7BF3 /* KDTopicsViewModel.swift in Sources */ = {isa = PBXBuildFile; fileRef = 2768BA9A1F77508900FE7BF3 /* KDTopicsViewModel.swift */; };
		278E96E91FAEBB1700F3C64D /* KDParseUtils.swift in Sources */ = {isa = PBXBuildFile; fileRef = 278E96E81FAEBB1700F3C64D /* KDParseUtils.swift */; };
		278E96EB1FAEF4E300F3C64D /* KDTopicParse.swift in Sources */ = {isa = PBXBuildFile; fileRef = 278E96EA1FAEF4E300F3C64D /* KDTopicParse.swift */; };
		27B70D2D1F8E3597006DC405 /* KDBaseLargeTitlesViewController.swift in Sources */ = {isa = PBXBuildFile; fileRef = 27B70D2C1F8E3597006DC405 /* KDBaseLargeTitlesViewController.swift */; };
		27B7A05B1F7645A7006B184E /* AppDelegate.swift in Sources */ = {isa = PBXBuildFile; fileRef = 27B7A05A1F7645A7006B184E /* AppDelegate.swift */; };
		27B7A0601F7645A7006B184E /* Main.storyboard in Resources */ = {isa = PBXBuildFile; fileRef = 27B7A05E1F7645A7006B184E /* Main.storyboard */; };
		27B7A0621F7645A7006B184E /* Assets.xcassets in Resources */ = {isa = PBXBuildFile; fileRef = 27B7A0611F7645A7006B184E /* Assets.xcassets */; };
		27B7A0651F7645A7006B184E /* LaunchScreen.storyboard in Resources */ = {isa = PBXBuildFile; fileRef = 27B7A0631F7645A7006B184E /* LaunchScreen.storyboard */; };
		27B7E1DD1F8609770004C89F /* KDLayoutView.swift in Sources */ = {isa = PBXBuildFile; fileRef = 27B7E1DC1F8609770004C89F /* KDLayoutView.swift */; };
		27CB24CE1F84923F004CEB00 /* basic.css in Resources */ = {isa = PBXBuildFile; fileRef = 27CB24CD1F84923F004CEB00 /* basic.css */; };
		27CB24D71F84C076004CEB00 /* topic.html in Resources */ = {isa = PBXBuildFile; fileRef = 27CB24D61F84C076004CEB00 /* topic.html */; };
		27CB24DB1F84C89B004CEB00 /* KDResources.swift in Sources */ = {isa = PBXBuildFile; fileRef = 27CB24DA1F84C89B004CEB00 /* KDResources.swift */; };
		27CB24DD1F84E039004CEB00 /* KDSlideTapView.swift in Sources */ = {isa = PBXBuildFile; fileRef = 27CB24DC1F84E038004CEB00 /* KDSlideTapView.swift */; };
		27F5B0A51F92566800446B4C /* KDLoginViewController.swift in Sources */ = {isa = PBXBuildFile; fileRef = 27F5B0A41F92566800446B4C /* KDLoginViewController.swift */; };
		27F5B0A91F93084B00446B4C /* KDSettingViewController.swift in Sources */ = {isa = PBXBuildFile; fileRef = 27F5B0A81F93084B00446B4C /* KDSettingViewController.swift */; };
		27FD400D1FB72AA60080934E /* KDUserService.swift in Sources */ = {isa = PBXBuildFile; fileRef = 27FD400C1FB72AA60080934E /* KDUserService.swift */; };
		AA245975717B1D29D90910C3 /* Pods_v2ex.framework in Frameworks */ = {isa = PBXBuildFile; fileRef = 70A354D1BC7C6DD5B11DEB54 /* Pods_v2ex.framework */; };
/* End PBXBuildFile section */

/* Begin PBXFileReference section */
		271BBB551F777E5D003507AC /* KDTopicCell.swift */ = {isa = PBXFileReference; fileEncoding = 4; lastKnownFileType = sourcecode.swift; path = KDTopicCell.swift; sourceTree = "<group>"; };
		271BBB571F77CCC5003507AC /* KDTopicDetailViewController.swift */ = {isa = PBXFileReference; fileEncoding = 4; lastKnownFileType = sourcecode.swift; path = KDTopicDetailViewController.swift; sourceTree = "<group>"; };
		271BBB591F77CE7E003507AC /* KDTopicDetailViewModel.swift */ = {isa = PBXFileReference; fileEncoding = 4; lastKnownFileType = sourcecode.swift; path = KDTopicDetailViewModel.swift; sourceTree = "<group>"; };
		271BBB5B1F77D0B1003507AC /* KDBorderLineView.swift */ = {isa = PBXFileReference; fileEncoding = 4; lastKnownFileType = sourcecode.swift; path = KDBorderLineView.swift; sourceTree = "<group>"; };
		271BBB5D1F77DFC7003507AC /* KDReplyModel.swift */ = {isa = PBXFileReference; fileEncoding = 4; lastKnownFileType = sourcecode.swift; path = KDReplyModel.swift; sourceTree = "<group>"; };
		271BBB5F1F77E4A6003507AC /* KDReplyCell.swift */ = {isa = PBXFileReference; fileEncoding = 4; lastKnownFileType = sourcecode.swift; path = KDReplyCell.swift; sourceTree = "<group>"; };
		271BBB611F77F9A4003507AC /* KDFormatDate.swift */ = {isa = PBXFileReference; fileEncoding = 4; lastKnownFileType = sourcecode.swift; path = KDFormatDate.swift; sourceTree = "<group>"; };
		271C150A1F83D18900E23040 /* style.css */ = {isa = PBXFileReference; lastKnownFileType = text.css; path = style.css; sourceTree = "<group>"; };
		2763DCF51F8521190005DFAC /* KDHomeService.swift */ = {isa = PBXFileReference; lastKnownFileType = sourcecode.swift; path = KDHomeService.swift; sourceTree = "<group>"; };
		2763DCF71F8522F20005DFAC /* KDNodesVIewModel.swift */ = {isa = PBXFileReference; lastKnownFileType = sourcecode.swift; path = KDNodesVIewModel.swift; sourceTree = "<group>"; };
		2768BA761F765D0700FE7BF3 /* KDBaseViewController.swift */ = {isa = PBXFileReference; fileEncoding = 4; lastKnownFileType = sourcecode.swift; path = KDBaseViewController.swift; sourceTree = "<group>"; };
		2768BA781F765D2600FE7BF3 /* KDUIKitUtils.swift */ = {isa = PBXFileReference; fileEncoding = 4; lastKnownFileType = sourcecode.swift; path = KDUIKitUtils.swift; sourceTree = "<group>"; };
		2768BA7A1F765D3000FE7BF3 /* KDConfig.swift */ = {isa = PBXFileReference; fileEncoding = 4; lastKnownFileType = sourcecode.swift; path = KDConfig.swift; sourceTree = "<group>"; };
		2768BA7C1F765D3D00FE7BF3 /* KDAPIClient.swift */ = {isa = PBXFileReference; fileEncoding = 4; lastKnownFileType = sourcecode.swift; path = KDAPIClient.swift; sourceTree = "<group>"; };
		2768BA7F1F765D5C00FE7BF3 /* KDMainViewController.swift */ = {isa = PBXFileReference; fileEncoding = 4; lastKnownFileType = sourcecode.swift; path = KDMainViewController.swift; sourceTree = "<group>"; };
		2768BA841F765FAA00FE7BF3 /* KDHomeViewController.swift */ = {isa = PBXFileReference; fileEncoding = 4; lastKnownFileType = sourcecode.swift; path = KDHomeViewController.swift; sourceTree = "<group>"; };
		2768BA871F765FBB00FE7BF3 /* KDUserViewController.swift */ = {isa = PBXFileReference; fileEncoding = 4; lastKnownFileType = sourcecode.swift; path = KDUserViewController.swift; sourceTree = "<group>"; };
		2768BA891F766B2100FE7BF3 /* KDTopicsViewController.swift */ = {isa = PBXFileReference; fileEncoding = 4; lastKnownFileType = sourcecode.swift; path = KDTopicsViewController.swift; sourceTree = "<group>"; };
		2768BA8C1F774C0000FE7BF3 /* KDTopicModel.swift */ = {isa = PBXFileReference; fileEncoding = 4; lastKnownFileType = sourcecode.swift; path = KDTopicModel.swift; sourceTree = "<group>"; };
		2768BA8E1F774C4D00FE7BF3 /* KDMemberModel.swift */ = {isa = PBXFileReference; fileEncoding = 4; lastKnownFileType = sourcecode.swift; path = KDMemberModel.swift; sourceTree = "<group>"; };
		2768BA901F774C7F00FE7BF3 /* KDNodeModel.swift */ = {isa = PBXFileReference; fileEncoding = 4; lastKnownFileType = sourcecode.swift; path = KDNodeModel.swift; sourceTree = "<group>"; };
		2768BA981F774EDC00FE7BF3 /* KDTopicService.swift */ = {isa = PBXFileReference; fileEncoding = 4; lastKnownFileType = sourcecode.swift; path = KDTopicService.swift; sourceTree = "<group>"; };
		2768BA9A1F77508900FE7BF3 /* KDTopicsViewModel.swift */ = {isa = PBXFileReference; fileEncoding = 4; lastKnownFileType = sourcecode.swift; path = KDTopicsViewModel.swift; sourceTree = "<group>"; };
		278E96E81FAEBB1700F3C64D /* KDParseUtils.swift */ = {isa = PBXFileReference; lastKnownFileType = sourcecode.swift; path = KDParseUtils.swift; sourceTree = "<group>"; };
		278E96EA1FAEF4E300F3C64D /* KDTopicParse.swift */ = {isa = PBXFileReference; lastKnownFileType = sourcecode.swift; path = KDTopicParse.swift; sourceTree = "<group>"; };
		27B70D2C1F8E3597006DC405 /* KDBaseLargeTitlesViewController.swift */ = {isa = PBXFileReference; lastKnownFileType = sourcecode.swift; path = KDBaseLargeTitlesViewController.swift; sourceTree = "<group>"; };
		27B7A0571F7645A7006B184E /* v2ex.app */ = {isa = PBXFileReference; explicitFileType = wrapper.application; includeInIndex = 0; path = v2ex.app; sourceTree = BUILT_PRODUCTS_DIR; };
		27B7A05A1F7645A7006B184E /* AppDelegate.swift */ = {isa = PBXFileReference; lastKnownFileType = sourcecode.swift; path = AppDelegate.swift; sourceTree = "<group>"; };
		27B7A05F1F7645A7006B184E /* Base */ = {isa = PBXFileReference; lastKnownFileType = file.storyboard; name = Base; path = Base.lproj/Main.storyboard; sourceTree = "<group>"; };
		27B7A0611F7645A7006B184E /* Assets.xcassets */ = {isa = PBXFileReference; lastKnownFileType = folder.assetcatalog; path = Assets.xcassets; sourceTree = "<group>"; };
		27B7A0641F7645A7006B184E /* Base */ = {isa = PBXFileReference; lastKnownFileType = file.storyboard; name = Base; path = Base.lproj/LaunchScreen.storyboard; sourceTree = "<group>"; };
		27B7A0661F7645A7006B184E /* Info.plist */ = {isa = PBXFileReference; lastKnownFileType = text.plist.xml; path = Info.plist; sourceTree = "<group>"; };
		27B7E1DC1F8609770004C89F /* KDLayoutView.swift */ = {isa = PBXFileReference; lastKnownFileType = sourcecode.swift; path = KDLayoutView.swift; sourceTree = "<group>"; };
		27CB24CD1F84923F004CEB00 /* basic.css */ = {isa = PBXFileReference; lastKnownFileType = text.css; path = basic.css; sourceTree = "<group>"; };
		27CB24D61F84C076004CEB00 /* topic.html */ = {isa = PBXFileReference; lastKnownFileType = text.html; path = topic.html; sourceTree = "<group>"; };
		27CB24DA1F84C89B004CEB00 /* KDResources.swift */ = {isa = PBXFileReference; lastKnownFileType = sourcecode.swift; path = KDResources.swift; sourceTree = "<group>"; };
		27CB24DC1F84E038004CEB00 /* KDSlideTapView.swift */ = {isa = PBXFileReference; lastKnownFileType = sourcecode.swift; path = KDSlideTapView.swift; sourceTree = "<group>"; };
		27F5B0A41F92566800446B4C /* KDLoginViewController.swift */ = {isa = PBXFileReference; lastKnownFileType = sourcecode.swift; path = KDLoginViewController.swift; sourceTree = "<group>"; };
		27F5B0A81F93084B00446B4C /* KDSettingViewController.swift */ = {isa = PBXFileReference; lastKnownFileType = sourcecode.swift; path = KDSettingViewController.swift; sourceTree = "<group>"; };
		27FD400C1FB72AA60080934E /* KDUserService.swift */ = {isa = PBXFileReference; lastKnownFileType = sourcecode.swift; path = KDUserService.swift; sourceTree = "<group>"; };
		3F3DA4BDB0061B93595EDCC7 /* Pods-v2ex.debug.xcconfig */ = {isa = PBXFileReference; includeInIndex = 1; lastKnownFileType = text.xcconfig; name = "Pods-v2ex.debug.xcconfig"; path = "Pods/Target Support Files/Pods-v2ex/Pods-v2ex.debug.xcconfig"; sourceTree = "<group>"; };
		49A0E5DF02DCEE965C6E30C0 /* Pods-v2ex.release.xcconfig */ = {isa = PBXFileReference; includeInIndex = 1; lastKnownFileType = text.xcconfig; name = "Pods-v2ex.release.xcconfig"; path = "Pods/Target Support Files/Pods-v2ex/Pods-v2ex.release.xcconfig"; sourceTree = "<group>"; };
		70A354D1BC7C6DD5B11DEB54 /* Pods_v2ex.framework */ = {isa = PBXFileReference; explicitFileType = wrapper.framework; includeInIndex = 0; path = Pods_v2ex.framework; sourceTree = BUILT_PRODUCTS_DIR; };
/* End PBXFileReference section */

/* Begin PBXFrameworksBuildPhase section */
		27B7A0541F7645A7006B184E /* Frameworks */ = {
			isa = PBXFrameworksBuildPhase;
			buildActionMask = 2147483647;
			files = (
				AA245975717B1D29D90910C3 /* Pods_v2ex.framework in Frameworks */,
			);
			runOnlyForDeploymentPostprocessing = 0;
		};
/* End PBXFrameworksBuildPhase section */

/* Begin PBXGroup section */
		2763DCF31F8520DD0005DFAC /* Service */ = {
			isa = PBXGroup;
			children = (
				2763DCF51F8521190005DFAC /* KDHomeService.swift */,
			);
			path = Service;
			sourceTree = "<group>";
		};
		2763DCF41F8520E80005DFAC /* ViewModel */ = {
			isa = PBXGroup;
			children = (
				2763DCF71F8522F20005DFAC /* KDNodesVIewModel.swift */,
			);
			path = ViewModel;
			sourceTree = "<group>";
		};
		2768BA6F1F765BD500FE7BF3 /* App */ = {
			isa = PBXGroup;
			children = (
				27B7A05A1F7645A7006B184E /* AppDelegate.swift */,
			);
			path = App;
			sourceTree = "<group>";
		};
		2768BA701F765BE700FE7BF3 /* Utils */ = {
			isa = PBXGroup;
			children = (
				2768BA751F765C1F00FE7BF3 /* Network */,
				278E96E71FAEBAF000F3C64D /* Parse */,
				2768BA741F765C1900FE7BF3 /* UI */,
				2768BA7A1F765D3000FE7BF3 /* KDConfig.swift */,
				271BBB611F77F9A4003507AC /* KDFormatDate.swift */,
			);
			path = Utils;
			sourceTree = "<group>";
		};
		2768BA711F765BFE00FE7BF3 /* Classes */ = {
			isa = PBXGroup;
			children = (
				2768BA721F765C0600FE7BF3 /* Base */,
				2768BA811F765F5C00FE7BF3 /* Home */,
				2768BA731F765C0B00FE7BF3 /* Main */,
				27F5B0A61F93083400446B4C /* Setting */,
				2768BA931F774E8C00FE7BF3 /* Topic */,
				2768BA821F765F6100FE7BF3 /* User */,
			);
			path = Classes;
			sourceTree = "<group>";
		};
		2768BA721F765C0600FE7BF3 /* Base */ = {
			isa = PBXGroup;
			children = (
				27B70D2C1F8E3597006DC405 /* KDBaseLargeTitlesViewController.swift */,
				2768BA761F765D0700FE7BF3 /* KDBaseViewController.swift */,
			);
			path = Base;
			sourceTree = "<group>";
		};
		2768BA731F765C0B00FE7BF3 /* Main */ = {
			isa = PBXGroup;
			children = (
				2768BA7E1F765D4E00FE7BF3 /* Controller */,
			);
			path = Main;
			sourceTree = "<group>";
		};
		2768BA741F765C1900FE7BF3 /* UI */ = {
			isa = PBXGroup;
			children = (
				271BBB5B1F77D0B1003507AC /* KDBorderLineView.swift */,
				27B7E1DC1F8609770004C89F /* KDLayoutView.swift */,
				27CB24DC1F84E038004CEB00 /* KDSlideTapView.swift */,
				2768BA781F765D2600FE7BF3 /* KDUIKitUtils.swift */,
			);
			path = UI;
			sourceTree = "<group>";
		};
		2768BA751F765C1F00FE7BF3 /* Network */ = {
			isa = PBXGroup;
			children = (
				2768BA7C1F765D3D00FE7BF3 /* KDAPIClient.swift */,
			);
			path = Network;
			sourceTree = "<group>";
		};
		2768BA7E1F765D4E00FE7BF3 /* Controller */ = {
			isa = PBXGroup;
			children = (
				2768BA7F1F765D5C00FE7BF3 /* KDMainViewController.swift */,
			);
			path = Controller;
			sourceTree = "<group>";
		};
		2768BA811F765F5C00FE7BF3 /* Home */ = {
			isa = PBXGroup;
			children = (
				2768BA831F765F8D00FE7BF3 /* Controller */,
				2763DCF31F8520DD0005DFAC /* Service */,
				2763DCF41F8520E80005DFAC /* ViewModel */,
			);
			path = Home;
			sourceTree = "<group>";
		};
		2768BA821F765F6100FE7BF3 /* User */ = {
			isa = PBXGroup;
			children = (
				27FD400B1FB72A420080934E /* Service */,
				2768BA861F765FAD00FE7BF3 /* Controller */,
			);
			path = User;
			sourceTree = "<group>";
		};
		2768BA831F765F8D00FE7BF3 /* Controller */ = {
			isa = PBXGroup;
			children = (
				2768BA841F765FAA00FE7BF3 /* KDHomeViewController.swift */,
			);
			path = Controller;
			sourceTree = "<group>";
		};
		2768BA861F765FAD00FE7BF3 /* Controller */ = {
			isa = PBXGroup;
			children = (
				27F5B0A41F92566800446B4C /* KDLoginViewController.swift */,
				2768BA871F765FBB00FE7BF3 /* KDUserViewController.swift */,
			);
			path = Controller;
			sourceTree = "<group>";
		};
		2768BA8B1F774BAC00FE7BF3 /* Model */ = {
			isa = PBXGroup;
			children = (
				2768BA8E1F774C4D00FE7BF3 /* KDMemberModel.swift */,
				2768BA901F774C7F00FE7BF3 /* KDNodeModel.swift */,
				271BBB5D1F77DFC7003507AC /* KDReplyModel.swift */,
				2768BA8C1F774C0000FE7BF3 /* KDTopicModel.swift */,
			);
			path = Model;
			sourceTree = "<group>";
		};
		2768BA931F774E8C00FE7BF3 /* Topic */ = {
			isa = PBXGroup;
			children = (
				2768BA961F774EA100FE7BF3 /* Controller */,
				2768BA8B1F774BAC00FE7BF3 /* Model */,
				2768BA971F774EAB00FE7BF3 /* Service */,
				2768BA951F774E9C00FE7BF3 /* View */,
				2768BA941F774E9400FE7BF3 /* ViewModel */,
			);
			path = Topic;
			sourceTree = "<group>";
		};
		2768BA941F774E9400FE7BF3 /* ViewModel */ = {
			isa = PBXGroup;
			children = (
				271BBB591F77CE7E003507AC /* KDTopicDetailViewModel.swift */,
				2768BA9A1F77508900FE7BF3 /* KDTopicsViewModel.swift */,
			);
			path = ViewModel;
			sourceTree = "<group>";
		};
		2768BA951F774E9C00FE7BF3 /* View */ = {
			isa = PBXGroup;
			children = (
				271BBB5F1F77E4A6003507AC /* KDReplyCell.swift */,
				271BBB551F777E5D003507AC /* KDTopicCell.swift */,
			);
			path = View;
			sourceTree = "<group>";
		};
		2768BA961F774EA100FE7BF3 /* Controller */ = {
			isa = PBXGroup;
			children = (
				271BBB571F77CCC5003507AC /* KDTopicDetailViewController.swift */,
				2768BA891F766B2100FE7BF3 /* KDTopicsViewController.swift */,
			);
			path = Controller;
			sourceTree = "<group>";
		};
		2768BA971F774EAB00FE7BF3 /* Service */ = {
			isa = PBXGroup;
			children = (
				278E96EA1FAEF4E300F3C64D /* KDTopicParse.swift */,
				2768BA981F774EDC00FE7BF3 /* KDTopicService.swift */,
			);
			path = Service;
			sourceTree = "<group>";
		};
		278E96E71FAEBAF000F3C64D /* Parse */ = {
			isa = PBXGroup;
			children = (
				278E96E81FAEBB1700F3C64D /* KDParseUtils.swift */,
			);
			path = Parse;
			sourceTree = "<group>";
		};
		27B7A04E1F7645A7006B184E = {
			isa = PBXGroup;
			children = (
				E794F875A34A473555378A08 /* Frameworks */,
				A3D1BF19DBE22F7D385595C0 /* Pods */,
				27B7A0581F7645A7006B184E /* Products */,
				27B7A0591F7645A7006B184E /* v2ex */,
			);
			sourceTree = "<group>";
		};
		27B7A0581F7645A7006B184E /* Products */ = {
			isa = PBXGroup;
			children = (
				27B7A0571F7645A7006B184E /* v2ex.app */,
			);
			name = Products;
			sourceTree = "<group>";
		};
		27B7A0591F7645A7006B184E /* v2ex */ = {
			isa = PBXGroup;
			children = (
				2768BA6F1F765BD500FE7BF3 /* App */,
				2768BA711F765BFE00FE7BF3 /* Classes */,
				27CB24D31F84C042004CEB00 /* Resources */,
				2768BA701F765BE700FE7BF3 /* Utils */,
				27B7A0611F7645A7006B184E /* Assets.xcassets */,
				27B7A0661F7645A7006B184E /* Info.plist */,
				27B7A0631F7645A7006B184E /* LaunchScreen.storyboard */,
				27B7A05E1F7645A7006B184E /* Main.storyboard */,
			);
			path = v2ex;
			sourceTree = "<group>";
		};
		27CB24CA1F8491F5004CEB00 /* CSS */ = {
			isa = PBXGroup;
			children = (
				27CB24CD1F84923F004CEB00 /* basic.css */,
				271C150A1F83D18900E23040 /* style.css */,
			);
			path = CSS;
			sourceTree = "<group>";
		};
		27CB24D31F84C042004CEB00 /* Resources */ = {
			isa = PBXGroup;
			children = (
				27CB24CA1F8491F5004CEB00 /* CSS */,
				27CB24DA1F84C89B004CEB00 /* KDResources.swift */,
				27CB24D61F84C076004CEB00 /* topic.html */,
			);
			path = Resources;
			sourceTree = "<group>";
		};
		27F5B0A61F93083400446B4C /* Setting */ = {
			isa = PBXGroup;
			children = (
				27F5B0A71F93083A00446B4C /* Controller */,
			);
			path = Setting;
			sourceTree = "<group>";
		};
		27F5B0A71F93083A00446B4C /* Controller */ = {
			isa = PBXGroup;
			children = (
				27F5B0A81F93084B00446B4C /* KDSettingViewController.swift */,
			);
			path = Controller;
			sourceTree = "<group>";
		};
		27FD400B1FB72A420080934E /* Service */ = {
			isa = PBXGroup;
			children = (
				27FD400C1FB72AA60080934E /* KDUserService.swift */,
			);
			path = Service;
			sourceTree = "<group>";
		};
		A3D1BF19DBE22F7D385595C0 /* Pods */ = {
			isa = PBXGroup;
			children = (
				3F3DA4BDB0061B93595EDCC7 /* Pods-v2ex.debug.xcconfig */,
				49A0E5DF02DCEE965C6E30C0 /* Pods-v2ex.release.xcconfig */,
			);
			name = Pods;
			sourceTree = "<group>";
		};
		E794F875A34A473555378A08 /* Frameworks */ = {
			isa = PBXGroup;
			children = (
				70A354D1BC7C6DD5B11DEB54 /* Pods_v2ex.framework */,
			);
			name = Frameworks;
			sourceTree = "<group>";
		};
/* End PBXGroup section */

/* Begin PBXNativeTarget section */
		27B7A0561F7645A7006B184E /* v2ex */ = {
			isa = PBXNativeTarget;
			buildConfigurationList = 27B7A07F1F7645A7006B184E /* Build configuration list for PBXNativeTarget "v2ex" */;
			buildPhases = (
				AC5B4D2F6C1F722833066781 /* [CP] Check Pods Manifest.lock */,
				27B7A0531F7645A7006B184E /* Sources */,
				27B7A0541F7645A7006B184E /* Frameworks */,
				27B7A0551F7645A7006B184E /* Resources */,
				44B2C6FBA1FE7BBFDC0904C8 /* [CP] Embed Pods Frameworks */,
				0E213BFD21EBECCA6B5CEE29 /* [CP] Copy Pods Resources */,
			);
			buildRules = (
			);
			dependencies = (
			);
			name = v2ex;
			productName = v2ex;
			productReference = 27B7A0571F7645A7006B184E /* v2ex.app */;
			productType = "com.apple.product-type.application";
		};
/* End PBXNativeTarget section */

/* Begin PBXProject section */
		27B7A04F1F7645A7006B184E /* Project object */ = {
			isa = PBXProject;
			attributes = {
				CLASSPREFIX = KD;
				LastSwiftUpdateCheck = 0830;
				LastUpgradeCheck = 0900;
				ORGANIZATIONNAME = kyle;
				TargetAttributes = {
					27B7A0561F7645A7006B184E = {
						CreatedOnToolsVersion = 8.3.3;
						LastSwiftMigration = 0900;
						ProvisioningStyle = Manual;
					};
				};
			};
			buildConfigurationList = 27B7A0521F7645A7006B184E /* Build configuration list for PBXProject "v2ex" */;
			compatibilityVersion = "Xcode 3.2";
			developmentRegion = English;
			hasScannedForEncodings = 0;
			knownRegions = (
				en,
				Base,
			);
			mainGroup = 27B7A04E1F7645A7006B184E;
			productRefGroup = 27B7A0581F7645A7006B184E /* Products */;
			projectDirPath = "";
			projectRoot = "";
			targets = (
				27B7A0561F7645A7006B184E /* v2ex */,
			);
		};
/* End PBXProject section */

/* Begin PBXResourcesBuildPhase section */
		27B7A0551F7645A7006B184E /* Resources */ = {
			isa = PBXResourcesBuildPhase;
			buildActionMask = 2147483647;
			files = (
				27CB24CE1F84923F004CEB00 /* basic.css in Resources */,
				27B7A0651F7645A7006B184E /* LaunchScreen.storyboard in Resources */,
				271C150B1F83D18900E23040 /* style.css in Resources */,
				27CB24D71F84C076004CEB00 /* topic.html in Resources */,
				27B7A0621F7645A7006B184E /* Assets.xcassets in Resources */,
				27B7A0601F7645A7006B184E /* Main.storyboard in Resources */,
			);
			runOnlyForDeploymentPostprocessing = 0;
		};
/* End PBXResourcesBuildPhase section */

/* Begin PBXShellScriptBuildPhase section */
		0E213BFD21EBECCA6B5CEE29 /* [CP] Copy Pods Resources */ = {
			isa = PBXShellScriptBuildPhase;
			buildActionMask = 2147483647;
			files = (
			);
			inputPaths = (
			);
			name = "[CP] Copy Pods Resources";
			outputPaths = (
			);
			runOnlyForDeploymentPostprocessing = 0;
			shellPath = /bin/sh;
			shellScript = "\"${SRCROOT}/Pods/Target Support Files/Pods-v2ex/Pods-v2ex-resources.sh\"\n";
			showEnvVarsInLog = 0;
		};
		44B2C6FBA1FE7BBFDC0904C8 /* [CP] Embed Pods Frameworks */ = {
			isa = PBXShellScriptBuildPhase;
			buildActionMask = 2147483647;
			files = (
			);
			inputPaths = (
				"${SRCROOT}/Pods/Target Support Files/Pods-v2ex/Pods-v2ex-frameworks.sh",
				"${BUILT_PRODUCTS_DIR}/Alamofire/Alamofire.framework",
				"${BUILT_PRODUCTS_DIR}/Fuzi/Fuzi.framework",
				"${BUILT_PRODUCTS_DIR}/Kingfisher/Kingfisher.framework",
				"${BUILT_PRODUCTS_DIR}/SnapKit/SnapKit.framework",
			);
			name = "[CP] Embed Pods Frameworks";
			outputPaths = (
				"${TARGET_BUILD_DIR}/${FRAMEWORKS_FOLDER_PATH}/Alamofire.framework",
				"${TARGET_BUILD_DIR}/${FRAMEWORKS_FOLDER_PATH}/Fuzi.framework",
				"${TARGET_BUILD_DIR}/${FRAMEWORKS_FOLDER_PATH}/Kingfisher.framework",
				"${TARGET_BUILD_DIR}/${FRAMEWORKS_FOLDER_PATH}/SnapKit.framework",
			);
			runOnlyForDeploymentPostprocessing = 0;
			shellPath = /bin/sh;
			shellScript = "\"${SRCROOT}/Pods/Target Support Files/Pods-v2ex/Pods-v2ex-frameworks.sh\"\n";
			showEnvVarsInLog = 0;
		};
		AC5B4D2F6C1F722833066781 /* [CP] Check Pods Manifest.lock */ = {
			isa = PBXShellScriptBuildPhase;
			buildActionMask = 2147483647;
			files = (
			);
			inputPaths = (
				"${PODS_PODFILE_DIR_PATH}/Podfile.lock",
				"${PODS_ROOT}/Manifest.lock",
			);
			name = "[CP] Check Pods Manifest.lock";
			outputPaths = (
				"$(DERIVED_FILE_DIR)/Pods-v2ex-checkManifestLockResult.txt",
			);
			runOnlyForDeploymentPostprocessing = 0;
			shellPath = /bin/sh;
			shellScript = "diff \"${PODS_PODFILE_DIR_PATH}/Podfile.lock\" \"${PODS_ROOT}/Manifest.lock\" > /dev/null\nif [ $? != 0 ] ; then\n    # print error to STDERR\n    echo \"error: The sandbox is not in sync with the Podfile.lock. Run 'pod install' or update your CocoaPods installation.\" >&2\n    exit 1\nfi\n# This output is used by Xcode 'outputs' to avoid re-running this script phase.\necho \"SUCCESS\" > \"${SCRIPT_OUTPUT_FILE_0}\"\n";
			showEnvVarsInLog = 0;
		};
/* End PBXShellScriptBuildPhase section */

/* Begin PBXSourcesBuildPhase section */
		27B7A0531F7645A7006B184E /* Sources */ = {
			isa = PBXSourcesBuildPhase;
			buildActionMask = 2147483647;
			files = (
				271BBB621F77F9A4003507AC /* KDFormatDate.swift in Sources */,
				27F5B0A51F92566800446B4C /* KDLoginViewController.swift in Sources */,
				2768BA851F765FAA00FE7BF3 /* KDHomeViewController.swift in Sources */,
				27B70D2D1F8E3597006DC405 /* KDBaseLargeTitlesViewController.swift in Sources */,
				278E96EB1FAEF4E300F3C64D /* KDTopicParse.swift in Sources */,
				2768BA7B1F765D3000FE7BF3 /* KDConfig.swift in Sources */,
				2768BA911F774C7F00FE7BF3 /* KDNodeModel.swift in Sources */,
				271BBB5C1F77D0B1003507AC /* KDBorderLineView.swift in Sources */,
				27CB24DD1F84E039004CEB00 /* KDSlideTapView.swift in Sources */,
				2768BA8D1F774C0000FE7BF3 /* KDTopicModel.swift in Sources */,
				271BBB581F77CCC5003507AC /* KDTopicDetailViewController.swift in Sources */,
				2768BA8F1F774C4D00FE7BF3 /* KDMemberModel.swift in Sources */,
				27B7E1DD1F8609770004C89F /* KDLayoutView.swift in Sources */,
				27FD400D1FB72AA60080934E /* KDUserService.swift in Sources */,
				2768BA881F765FBB00FE7BF3 /* KDUserViewController.swift in Sources */,
				2768BA771F765D0700FE7BF3 /* KDBaseViewController.swift in Sources */,
				278E96E91FAEBB1700F3C64D /* KDParseUtils.swift in Sources */,
				2768BA801F765D5C00FE7BF3 /* KDMainViewController.swift in Sources */,
				271BBB5E1F77DFC7003507AC /* KDReplyModel.swift in Sources */,
				271BBB5A1F77CE7E003507AC /* KDTopicDetailViewModel.swift in Sources */,
				2768BA7D1F765D3D00FE7BF3 /* KDAPIClient.swift in Sources */,
				2763DCF61F8521190005DFAC /* KDHomeService.swift in Sources */,
				27CB24DB1F84C89B004CEB00 /* KDResources.swift in Sources */,
				2768BA8A1F766B2100FE7BF3 /* KDTopicsViewController.swift in Sources */,
				271BBB561F777E5D003507AC /* KDTopicCell.swift in Sources */,
				271BBB601F77E4A6003507AC /* KDReplyCell.swift in Sources */,
				27F5B0A91F93084B00446B4C /* KDSettingViewController.swift in Sources */,
				27B7A05B1F7645A7006B184E /* AppDelegate.swift in Sources */,
				2768BA791F765D2600FE7BF3 /* KDUIKitUtils.swift in Sources */,
				2763DCF81F8522F20005DFAC /* KDNodesVIewModel.swift in Sources */,
				2768BA991F774EDC00FE7BF3 /* KDTopicService.swift in Sources */,
				2768BA9B1F77508900FE7BF3 /* KDTopicsViewModel.swift in Sources */,
			);
			runOnlyForDeploymentPostprocessing = 0;
		};
/* End PBXSourcesBuildPhase section */

/* Begin PBXVariantGroup section */
		27B7A05E1F7645A7006B184E /* Main.storyboard */ = {
			isa = PBXVariantGroup;
			children = (
				27B7A05F1F7645A7006B184E /* Base */,
			);
			name = Main.storyboard;
			path = .;
			sourceTree = "<group>";
		};
		27B7A0631F7645A7006B184E /* LaunchScreen.storyboard */ = {
			isa = PBXVariantGroup;
			children = (
				27B7A0641F7645A7006B184E /* Base */,
			);
			name = LaunchScreen.storyboard;
			path = .;
			sourceTree = "<group>";
		};
/* End PBXVariantGroup section */

/* Begin XCBuildConfiguration section */
		27B7A07D1F7645A7006B184E /* Debug */ = {
			isa = XCBuildConfiguration;
			buildSettings = {
				ALWAYS_SEARCH_USER_PATHS = NO;
				CLANG_ANALYZER_NONNULL = YES;
				CLANG_ANALYZER_NUMBER_OBJECT_CONVERSION = YES_AGGRESSIVE;
				CLANG_CXX_LANGUAGE_STANDARD = "gnu++0x";
				CLANG_CXX_LIBRARY = "libc++";
				CLANG_ENABLE_MODULES = YES;
				CLANG_ENABLE_OBJC_ARC = YES;
				CLANG_WARN_BLOCK_CAPTURE_AUTORELEASING = YES;
				CLANG_WARN_BOOL_CONVERSION = YES;
				CLANG_WARN_COMMA = YES;
				CLANG_WARN_CONSTANT_CONVERSION = YES;
				CLANG_WARN_DIRECT_OBJC_ISA_USAGE = YES_ERROR;
				CLANG_WARN_DOCUMENTATION_COMMENTS = YES;
				CLANG_WARN_EMPTY_BODY = YES;
				CLANG_WARN_ENUM_CONVERSION = YES;
				CLANG_WARN_INFINITE_RECURSION = YES;
				CLANG_WARN_INT_CONVERSION = YES;
				CLANG_WARN_NON_LITERAL_NULL_CONVERSION = YES;
				CLANG_WARN_OBJC_LITERAL_CONVERSION = YES;
				CLANG_WARN_OBJC_ROOT_CLASS = YES_ERROR;
				CLANG_WARN_RANGE_LOOP_ANALYSIS = YES;
				CLANG_WARN_STRICT_PROTOTYPES = YES;
				CLANG_WARN_SUSPICIOUS_MOVE = YES;
				CLANG_WARN_UNREACHABLE_CODE = YES;
				CLANG_WARN__DUPLICATE_METHOD_MATCH = YES;
				"CODE_SIGN_IDENTITY[sdk=iphoneos*]" = "iPhone Developer";
				COPY_PHASE_STRIP = NO;
				DEBUG_INFORMATION_FORMAT = dwarf;
				ENABLE_STRICT_OBJC_MSGSEND = YES;
				ENABLE_TESTABILITY = YES;
				GCC_C_LANGUAGE_STANDARD = gnu99;
				GCC_DYNAMIC_NO_PIC = NO;
				GCC_NO_COMMON_BLOCKS = YES;
				GCC_OPTIMIZATION_LEVEL = 0;
				GCC_PREPROCESSOR_DEFINITIONS = (
					"DEBUG=1",
					"$(inherited)",
				);
				GCC_WARN_64_TO_32_BIT_CONVERSION = YES;
				GCC_WARN_ABOUT_RETURN_TYPE = YES_ERROR;
				GCC_WARN_UNDECLARED_SELECTOR = YES;
				GCC_WARN_UNINITIALIZED_AUTOS = YES_AGGRESSIVE;
				GCC_WARN_UNUSED_FUNCTION = YES;
				GCC_WARN_UNUSED_VARIABLE = YES;
				IPHONEOS_DEPLOYMENT_TARGET = 10.3;
				MTL_ENABLE_DEBUG_INFO = YES;
				ONLY_ACTIVE_ARCH = YES;
				SDKROOT = iphoneos;
				SWIFT_ACTIVE_COMPILATION_CONDITIONS = DEBUG;
				SWIFT_OPTIMIZATION_LEVEL = "-Onone";
			};
			name = Debug;
		};
		27B7A07E1F7645A7006B184E /* Release */ = {
			isa = XCBuildConfiguration;
			buildSettings = {
				ALWAYS_SEARCH_USER_PATHS = NO;
				CLANG_ANALYZER_NONNULL = YES;
				CLANG_ANALYZER_NUMBER_OBJECT_CONVERSION = YES_AGGRESSIVE;
				CLANG_CXX_LANGUAGE_STANDARD = "gnu++0x";
				CLANG_CXX_LIBRARY = "libc++";
				CLANG_ENABLE_MODULES = YES;
				CLANG_ENABLE_OBJC_ARC = YES;
				CLANG_WARN_BLOCK_CAPTURE_AUTORELEASING = YES;
				CLANG_WARN_BOOL_CONVERSION = YES;
				CLANG_WARN_COMMA = YES;
				CLANG_WARN_CONSTANT_CONVERSION = YES;
				CLANG_WARN_DIRECT_OBJC_ISA_USAGE = YES_ERROR;
				CLANG_WARN_DOCUMENTATION_COMMENTS = YES;
				CLANG_WARN_EMPTY_BODY = YES;
				CLANG_WARN_ENUM_CONVERSION = YES;
				CLANG_WARN_INFINITE_RECURSION = YES;
				CLANG_WARN_INT_CONVERSION = YES;
				CLANG_WARN_NON_LITERAL_NULL_CONVERSION = YES;
				CLANG_WARN_OBJC_LITERAL_CONVERSION = YES;
				CLANG_WARN_OBJC_ROOT_CLASS = YES_ERROR;
				CLANG_WARN_RANGE_LOOP_ANALYSIS = YES;
				CLANG_WARN_STRICT_PROTOTYPES = YES;
				CLANG_WARN_SUSPICIOUS_MOVE = YES;
				CLANG_WARN_UNREACHABLE_CODE = YES;
				CLANG_WARN__DUPLICATE_METHOD_MATCH = YES;
				"CODE_SIGN_IDENTITY[sdk=iphoneos*]" = "iPhone Developer";
				COPY_PHASE_STRIP = NO;
				DEBUG_INFORMATION_FORMAT = "dwarf-with-dsym";
				ENABLE_NS_ASSERTIONS = NO;
				ENABLE_STRICT_OBJC_MSGSEND = YES;
				GCC_C_LANGUAGE_STANDARD = gnu99;
				GCC_NO_COMMON_BLOCKS = YES;
				GCC_WARN_64_TO_32_BIT_CONVERSION = YES;
				GCC_WARN_ABOUT_RETURN_TYPE = YES_ERROR;
				GCC_WARN_UNDECLARED_SELECTOR = YES;
				GCC_WARN_UNINITIALIZED_AUTOS = YES_AGGRESSIVE;
				GCC_WARN_UNUSED_FUNCTION = YES;
				GCC_WARN_UNUSED_VARIABLE = YES;
				IPHONEOS_DEPLOYMENT_TARGET = 10.3;
				MTL_ENABLE_DEBUG_INFO = NO;
				SDKROOT = iphoneos;
				SWIFT_OPTIMIZATION_LEVEL = "-Owholemodule";
				VALIDATE_PRODUCT = YES;
			};
			name = Release;
		};
		27B7A0801F7645A7006B184E /* Debug */ = {
			isa = XCBuildConfiguration;
			baseConfigurationReference = 3F3DA4BDB0061B93595EDCC7 /* Pods-v2ex.debug.xcconfig */;
			buildSettings = {
				ASSETCATALOG_COMPILER_APPICON_NAME = AppIcon;
				"CODE_SIGN_IDENTITY[sdk=iphoneos*]" = "iPhone Developer";
				CODE_SIGN_STYLE = Manual;
				DEVELOPMENT_TEAM = "";
				INFOPLIST_FILE = v2ex/Info.plist;
				IPHONEOS_DEPLOYMENT_TARGET = 9.0;
				LD_RUNPATH_SEARCH_PATHS = "$(inherited) @executable_path/Frameworks";
				PRODUCT_BUNDLE_IDENTIFIER = com.kyle.v2ex;
				PRODUCT_NAME = "$(TARGET_NAME)";
				PROVISIONING_PROFILE_SPECIFIER = "";
				SWIFT_SWIFT3_OBJC_INFERENCE = Default;
				SWIFT_VERSION = 4.0;
			};
			name = Debug;
		};
		27B7A0811F7645A7006B184E /* Release */ = {
			isa = XCBuildConfiguration;
			baseConfigurationReference = 49A0E5DF02DCEE965C6E30C0 /* Pods-v2ex.release.xcconfig */;
			buildSettings = {
				ASSETCATALOG_COMPILER_APPICON_NAME = AppIcon;
				"CODE_SIGN_IDENTITY[sdk=iphoneos*]" = "iPhone Developer";
				CODE_SIGN_STYLE = Manual;
				DEVELOPMENT_TEAM = "";
				INFOPLIST_FILE = v2ex/Info.plist;
				IPHONEOS_DEPLOYMENT_TARGET = 9.0;
				LD_RUNPATH_SEARCH_PATHS = "$(inherited) @executable_path/Frameworks";
				PRODUCT_BUNDLE_IDENTIFIER = com.kyle.v2ex;
				PRODUCT_NAME = "$(TARGET_NAME)";
				PROVISIONING_PROFILE_SPECIFIER = "";
				SWIFT_SWIFT3_OBJC_INFERENCE = Default;
				SWIFT_VERSION = 4.0;
			};
			name = Release;
		};
/* End XCBuildConfiguration section */

/* Begin XCConfigurationList section */
		27B7A0521F7645A7006B184E /* Build configuration list for PBXProject "v2ex" */ = {
			isa = XCConfigurationList;
			buildConfigurations = (
				27B7A07D1F7645A7006B184E /* Debug */,
				27B7A07E1F7645A7006B184E /* Release */,
			);
			defaultConfigurationIsVisible = 0;
			defaultConfigurationName = Release;
		};
		27B7A07F1F7645A7006B184E /* Build configuration list for PBXNativeTarget "v2ex" */ = {
			isa = XCConfigurationList;
			buildConfigurations = (
				27B7A0801F7645A7006B184E /* Debug */,
				27B7A0811F7645A7006B184E /* Release */,
			);
			defaultConfigurationIsVisible = 0;
			defaultConfigurationName = Release;
		};
/* End XCConfigurationList section */
	};
	rootObject = 27B7A04F1F7645A7006B184E /* Project object */;
}
